
Microsoft Visual Studio Solution File, Format Version 12.00
# Visual Studio 15
Project("{FAE04EC0-301F-11D3-BF4B-00C04F79EFBC}") = "Notes.Android", "Notes.Android\Notes.Android.csproj", "{E29A4A93-58A1-46CE-AB93-8AFF8EC6D96F}"
EndProject
Project("{FAE04EC0-301F-11D3-BF4B-00C04F79EFBC}") = "Notes.iOS", "Notes.iOS\Notes.iOS.csproj", "{9493BE60-AA00-453C-A7BC-0020B9B1E0A2}"
EndProject
Project("{FAE04EC0-301F-11D3-BF4B-00C04F79EFBC}") = "Notes", "Notes\Notes.csproj", "{9D64C96C-650C-4524-84B2-0A21786A7FB6}"
EndProject
Global
	GlobalSection(SolutionConfigurationPlatforms) = preSolution
		Debug|Any CPU = Debug|Any CPU
		Release|Any CPU = Release|Any CPU
		Debug|iPhoneSimulator = Debug|iPhoneSimulator
		Release|iPhoneSimulator = Release|iPhoneSimulator
		Debug|iPhone = Debug|iPhone
		Release|iPhone = Release|iPhone
	EndGlobalSection
	GlobalSection(ProjectConfigurationPlatforms) = postSolution
		{E29A4A93-58A1-46CE-AB93-8AFF8EC6D96F}.Debug|Any CPU.ActiveCfg = Debug|Any CPU
		{E29A4A93-58A1-46CE-AB93-8AFF8EC6D96F}.Debug|Any CPU.Build.0 = Debug|Any CPU
		{E29A4A93-58A1-46CE-AB93-8AFF8EC6D96F}.Release|Any CPU.ActiveCfg = Release|Any CPU
		{E29A4A93-58A1-46CE-AB93-8AFF8EC6D96F}.Release|Any CPU.Build.0 = Release|Any CPU
		{E29A4A93-58A1-46CE-AB93-8AFF8EC6D96F}.Debug|iPhoneSimulator.ActiveCfg = Debug|Any CPU
		{E29A4A93-58A1-46CE-AB93-8AFF8EC6D96F}.Debug|iPhoneSimulator.Build.0 = Debug|Any CPU
		{E29A4A93-58A1-46CE-AB93-8AFF8EC6D96F}.Release|iPhoneSimulator.ActiveCfg = Release|Any CPU
		{E29A4A93-58A1-46CE-AB93-8AFF8EC6D96F}.Release|iPhoneSimulator.Build.0 = Release|Any CPU
		{E29A4A93-58A1-46CE-AB93-8AFF8EC6D96F}.Debug|iPhone.ActiveCfg = Debug|Any CPU
		{E29A4A93-58A1-46CE-AB93-8AFF8EC6D96F}.Debug|iPhone.Build.0 = Debug|Any CPU
		{E29A4A93-58A1-46CE-AB93-8AFF8EC6D96F}.Release|iPhone.ActiveCfg = Release|Any CPU
		{E29A4A93-58A1-46CE-AB93-8AFF8EC6D96F}.Release|iPhone.Build.0 = Release|Any CPU
		{9493BE60-AA00-453C-A7BC-0020B9B1E0A2}.Debug|Any CPU.ActiveCfg = Debug|iPhoneSimulator
		{9493BE60-AA00-453C-A7BC-0020B9B1E0A2}.Debug|Any CPU.Build.0 = Debug|iPhoneSimulator
		{9493BE60-AA00-453C-A7BC-0020B9B1E0A2}.Release|Any CPU.ActiveCfg = Release|iPhoneSimulator
		{9493BE60-AA00-453C-A7BC-0020B9B1E0A2}.Release|Any CPU.Build.0 = Release|iPhoneSimulator
		{9493BE60-AA00-453C-A7BC-0020B9B1E0A2}.Debug|iPhoneSimulator.ActiveCfg = Debug|iPhoneSimulator
		{9493BE60-AA00-453C-A7BC-0020B9B1E0A2}.Debug|iPhoneSimulator.Build.0 = Debug|iPhoneSimulator
		{9493BE60-AA00-453C-A7BC-0020B9B1E0A2}.Release|iPhoneSimulator.ActiveCfg = Release|iPhoneSimulator
		{9493BE60-AA00-453C-A7BC-0020B9B1E0A2}.Release|iPhoneSimulator.Build.0 = Release|iPhoneSimulator
		{9493BE60-AA00-453C-A7BC-0020B9B1E0A2}.Debug|iPhone.ActiveCfg = Debug|iPhone
		{9493BE60-AA00-453C-A7BC-0020B9B1E0A2}.Debug|iPhone.Build.0 = Debug|iPhone
		{9493BE60-AA00-453C-A7BC-0020B9B1E0A2}.Release|iPhone.ActiveCfg = Release|iPhone
		{9493BE60-AA00-453C-A7BC-0020B9B1E0A2}.Release|iPhone.Build.0 = Release|iPhone
		{9D64C96C-650C-4524-84B2-0A21786A7FB6}.Debug|Any CPU.ActiveCfg = Debug|Any CPU
		{9D64C96C-650C-4524-84B2-0A21786A7FB6}.Debug|Any CPU.Build.0 = Debug|Any CPU
		{9D64C96C-650C-4524-84B2-0A21786A7FB6}.Release|Any CPU.ActiveCfg = Release|Any CPU
		{9D64C96C-650C-4524-84B2-0A21786A7FB6}.Release|Any CPU.Build.0 = Release|Any CPU
		{9D64C96C-650C-4524-84B2-0A21786A7FB6}.Debug|iPhoneSimulator.ActiveCfg = Debug|Any CPU
		{9D64C96C-650C-4524-84B2-0A21786A7FB6}.Debug|iPhoneSimulator.Build.0 = Debug|Any CPU
		{9D64C96C-650C-4524-84B2-0A21786A7FB6}.Release|iPhoneSimulator.ActiveCfg = Release|Any CPU
		{9D64C96C-650C-4524-84B2-0A21786A7FB6}.Release|iPhoneSimulator.Build.0 = Release|Any CPU
		{9D64C96C-650C-4524-84B2-0A21786A7FB6}.Debug|iPhone.ActiveCfg = Debug|Any CPU
		{9D64C96C-650C-4524-84B2-0A21786A7FB6}.Debug|iPhone.Build.0 = Debug|Any CPU
		{9D64C96C-650C-4524-84B2-0A21786A7FB6}.Release|iPhone.ActiveCfg = Release|Any CPU
		{9D64C96C-650C-4524-84B2-0A21786A7FB6}.Release|iPhone.Build.0 = Release|Any CPU
	EndGlobalSection
EndGlobal
